
Microsoft Visual Studio Solution File, Format Version 12.00
# Visual Studio Version 17
VisualStudioVersion = 17.6.33815.320
MinimumVisualStudioVersion = 10.0.40219.1
Project("{54A90642-561A-4BB1-A94E-469ADEE60C69}") = "auth-ng", "clients\auth-ng\auth-ng.esproj", "{DEC1578B-E5CB-4140-903B-F6A1B0A265DF}"
EndProject
Project("{9A19103F-16F7-4668-BE54-9A1E7A4F7556}") = "Auth.Sqlite", "data\Auth.Sqlite\Auth.Sqlite.csproj", "{31103E8C-2385-414B-9BE9-015715D8E81F}"
EndProject
Project("{2150E333-8FDC-42A3-9474-1A3956D46DE8}") = "clients", "clients", "{6229D803-F568-4EF0-9D55-11518EB688EE}"
EndProject
Project("{2150E333-8FDC-42A3-9474-1A3956D46DE8}") = "data", "data", "{AE7A5270-4AD4-4C60-8B57-7AAC089024A7}"
EndProject
Project("{2150E333-8FDC-42A3-9474-1A3956D46DE8}") = "api", "api", "{F3FAD76A-9E3A-4EB3-BFF9-7E4BDE1A1A37}"
EndProject
Project("{9A19103F-16F7-4668-BE54-9A1E7A4F7556}") = "Auth.Registration.Api", "api\Auth.Registration.Api\Auth.Registration.Api.csproj", "{B3EA828D-8057-4C66-AAE2-E9EC0A373288}"
EndProject
Project("{9A19103F-16F7-4668-BE54-9A1E7A4F7556}") = "EmailService.Papercut", "srv\EmailService.Papercut\EmailService.Papercut.csproj", "{42B3FD35-139F-4765-BAF8-D596BFCB2181}"
EndProject
Project("{2150E333-8FDC-42A3-9474-1A3956D46DE8}") = "srv", "srv", "{7CEA81C4-CC35-4F7F-B6F6-670358698B0B}"
EndProject
Project("{FAE04EC0-301F-11D3-BF4B-00C04F79EFBC}") = "Auth.Api.Login.Jwt", "api\Auth.Api.Login.Jwt\Auth.Api.Login.Jwt.csproj", "{F1D55DFA-B48E-47B2-827F-51A4470846D5}"
EndProject
Global
	GlobalSection(SolutionConfigurationPlatforms) = preSolution
		Debug|Any CPU = Debug|Any CPU
		Release|Any CPU = Release|Any CPU
	EndGlobalSection
	GlobalSection(ProjectConfigurationPlatforms) = postSolution
		{DEC1578B-E5CB-4140-903B-F6A1B0A265DF}.Debug|Any CPU.ActiveCfg = Debug|Any CPU
		{DEC1578B-E5CB-4140-903B-F6A1B0A265DF}.Debug|Any CPU.Build.0 = Debug|Any CPU
		{DEC1578B-E5CB-4140-903B-F6A1B0A265DF}.Debug|Any CPU.Deploy.0 = Debug|Any CPU
		{DEC1578B-E5CB-4140-903B-F6A1B0A265DF}.Release|Any CPU.ActiveCfg = Release|Any CPU
		{DEC1578B-E5CB-4140-903B-F6A1B0A265DF}.Release|Any CPU.Build.0 = Release|Any CPU
		{DEC1578B-E5CB-4140-903B-F6A1B0A265DF}.Release|Any CPU.Deploy.0 = Release|Any CPU
		{31103E8C-2385-414B-9BE9-015715D8E81F}.Debug|Any CPU.ActiveCfg = Debug|Any CPU
		{31103E8C-2385-414B-9BE9-015715D8E81F}.Debug|Any CPU.Build.0 = Debug|Any CPU
		{31103E8C-2385-414B-9BE9-015715D8E81F}.Release|Any CPU.ActiveCfg = Release|Any CPU
		{31103E8C-2385-414B-9BE9-015715D8E81F}.Release|Any CPU.Build.0 = Release|Any CPU
		{B3EA828D-8057-4C66-AAE2-E9EC0A373288}.Debug|Any CPU.ActiveCfg = Debug|Any CPU
		{B3EA828D-8057-4C66-AAE2-E9EC0A373288}.Debug|Any CPU.Build.0 = Debug|Any CPU
		{B3EA828D-8057-4C66-AAE2-E9EC0A373288}.Release|Any CPU.ActiveCfg = Release|Any CPU
		{B3EA828D-8057-4C66-AAE2-E9EC0A373288}.Release|Any CPU.Build.0 = Release|Any CPU
		{42B3FD35-139F-4765-BAF8-D596BFCB2181}.Debug|Any CPU.ActiveCfg = Debug|Any CPU
		{42B3FD35-139F-4765-BAF8-D596BFCB2181}.Debug|Any CPU.Build.0 = Debug|Any CPU
		{42B3FD35-139F-4765-BAF8-D596BFCB2181}.Release|Any CPU.ActiveCfg = Release|Any CPU
		{42B3FD35-139F-4765-BAF8-D596BFCB2181}.Release|Any CPU.Build.0 = Release|Any CPU
		{F1D55DFA-B48E-47B2-827F-51A4470846D5}.Debug|Any CPU.ActiveCfg = Debug|Any CPU
		{F1D55DFA-B48E-47B2-827F-51A4470846D5}.Debug|Any CPU.Build.0 = Debug|Any CPU
		{F1D55DFA-B48E-47B2-827F-51A4470846D5}.Release|Any CPU.ActiveCfg = Release|Any CPU
		{F1D55DFA-B48E-47B2-827F-51A4470846D5}.Release|Any CPU.Build.0 = Release|Any CPU
	EndGlobalSection
	GlobalSection(SolutionProperties) = preSolution
		HideSolutionNode = FALSE
	EndGlobalSection
	GlobalSection(NestedProjects) = preSolution
		{DEC1578B-E5CB-4140-903B-F6A1B0A265DF} = {6229D803-F568-4EF0-9D55-11518EB688EE}
		{31103E8C-2385-414B-9BE9-015715D8E81F} = {AE7A5270-4AD4-4C60-8B57-7AAC089024A7}
		{B3EA828D-8057-4C66-AAE2-E9EC0A373288} = {F3FAD76A-9E3A-4EB3-BFF9-7E4BDE1A1A37}
		{42B3FD35-139F-4765-BAF8-D596BFCB2181} = {7CEA81C4-CC35-4F7F-B6F6-670358698B0B}
		{F1D55DFA-B48E-47B2-827F-51A4470846D5} = {F3FAD76A-9E3A-4EB3-BFF9-7E4BDE1A1A37}
	EndGlobalSection
	GlobalSection(ExtensibilityGlobals) = postSolution
		SolutionGuid = {143EA886-53B0-4B9F-BE3B-82508E9DC9A2}
	EndGlobalSection
EndGlobal
